<?xml version="1.0" encoding="utf-8"?>
<Project ToolsVersion="4.0" xmlns="http://schemas.microsoft.com/developer/msbuild/2003">
  <ItemGroup>
    <Filter Include="Header Files">
      <UniqueIdentifier>{b57e2d4a-2417-49f0-8c51-13e69d377169}</UniqueIdentifier>
    </Filter>
    <Filter Include="Source Files">
      <UniqueIdentifier>{d9ee7fbf-097e-431a-9abb-4c3f8be0a78d}</UniqueIdentifier>
    </Filter>
    <Filter Include="TwinCAT UM Files">
      <UniqueIdentifier>{b8ccf359-6561-4f79-99f2-057225058ece}</UniqueIdentifier>
    </Filter>
    <Filter Include="TwinCAT RT Files">
      <UniqueIdentifier>{1fd638ea-14ae-4489-a180-7d34db015a9e}</UniqueIdentifier>
    </Filter>
    <Filter Include="TwinCAT OS Files">
      <UniqueIdentifier>{5fa351d8-f59e-4f8d-bdd7-25ee8f0d58d4}</UniqueIdentifier>
    </Filter>
    <Filter Include="TMC Files">
      <UniqueIdentifier>{abff2d06-8e79-41db-8420-8fbe401a2cfe}</UniqueIdentifier>
    </Filter>
  </ItemGroup>
  <ItemGroup>
    <ClInclude Include="Resource.h">
      <Filter>TwinCAT UM Files</Filter>
    </ClInclude>
    <ClInclude Include="TcPch.h">
      <Filter>Header Files</Filter>
    </ClInclude>
    <ClInclude Include="Untitled2ClassFactory.h">
      <Filter>Header Files</Filter>
    </ClInclude>
    <ClInclude Include="Untitled2Interfaces.h">
      <Filter>Header Files</Filter>
    </ClInclude>
    <ClInclude Include="Untitled2Services.h">
      <Filter>Header Files</Filter>
    </ClInclude>
    <ClInclude Include="Untitled2Ctrl.h">
      <Filter>TwinCAT UM Files</Filter>
    </ClInclude>
    <ClInclude Include="Untitled2Driver.h">
      <Filter>TwinCAT RT Files</Filter>
    </ClInclude>
    <ClInclude Include="pmjTransformation.h">
      <Filter>Header Files</Filter>
    </ClInclude>
  </ItemGroup>
  <ItemGroup>
    <ClCompile Include="TcPch.cpp">
      <Filter>Source Files</Filter>
    </ClCompile>
    <ClCompile Include="Untitled2ClassFactory.cpp">
      <Filter>Source Files</Filter>
    </ClCompile>
    <ClCompile Include="Untitled2Ctrl.cpp">
      <Filter>TwinCAT UM Files</Filter>
    </ClCompile>
    <ClCompile Include="Untitled2W32.cpp">
      <Filter>TwinCAT UM Files</Filter>
    </ClCompile>
    <ClCompile Include="Untitled2Driver.cpp">
      <Filter>TwinCAT RT Files</Filter>
    </ClCompile>
    <ClCompile Include="Untitled2Main.cpp">
      <Filter>TwinCAT OS Files</Filter>
    </ClCompile>
    <ClCompile Include="pmjTransformation.cpp">
      <Filter>Source Files</Filter>
    </ClCompile>
  </ItemGroup>
  <ItemGroup>
    <ResourceCompile Include="Untitled2.rc">
      <Filter>Source Files</Filter>
    </ResourceCompile>
    <ResourceCompile Include="Untitled2W32.rc">
      <Filter>TwinCAT UM Files</Filter>
    </ResourceCompile>
  </ItemGroup>
  <ItemGroup>
    <None Include="Untitled2W32.def">
      <Filter>TwinCAT UM Files</Filter>
    </None>
    <None Include="Untitled2.tmc">
      <Filter>TMC Files</Filter>
    </None>
  </ItemGroup>
  <ItemGroup>
    <Midl Include="Untitled2W32.idl">
      <Filter>TwinCAT UM Files</Filter>
    </Midl>
  </ItemGroup>
</Project>